Microsoft Visual Studio Solution File, Format Version 12.00
# Visual Studio 2012
Project("{FAE04EC0-301F-11D3-BF4B-00C04F79EFBC}") = "OpenTK", "Source\OpenTK\OpenTK.csproj", "{A37A7E14-0000-0000-0000-000000000000}"
	ProjectSection(ProjectDependencies) = postProject
		{75DC22B1-113F-4A66-96B9-2FF8208C10E8} = {75DC22B1-113F-4A66-96B9-2FF8208C10E8}
		{C426C9D1-8857-4E52-BAC7-4C05EE6070AB} = {C426C9D1-8857-4E52-BAC7-4C05EE6070AB}
	EndProjectSection
EndProject
Project("{FAE04EC0-301F-11D3-BF4B-00C04F79EFBC}") = "OpenTK.Compatibility", "Source\Compatibility\OpenTK.Compatibility.csproj", "{62C0DB35-0000-0000-0000-000000000000}"
EndProject
Project("{FAE04EC0-301F-11D3-BF4B-00C04F79EFBC}") = "OpenTK.Examples", "Source\Examples\OpenTK.Examples.csproj", "{868E37B3-0000-0000-0000-000000000000}"
EndProject
Project("{FAE04EC0-301F-11D3-BF4B-00C04F79EFBC}") = "OpenTK.GLControl", "Source\GLControl\OpenTK.GLControl.csproj", "{A625BE88-0000-0000-0000-000000000000}"
EndProject
Project("{FAE04EC0-301F-11D3-BF4B-00C04F79EFBC}") = "Build.Installer.Nsis", "Installers\Nsis\Build.Installer.Nsis.csproj", "{ADC34399-7613-44D2-90B2-19250F06FE7A}"
	ProjectSection(ProjectDependencies) = postProject
		{A37A7E14-0000-0000-0000-000000000000} = {A37A7E14-0000-0000-0000-000000000000}
		{62C0DB35-0000-0000-0000-000000000000} = {62C0DB35-0000-0000-0000-000000000000}
		{650C6F3D-33B5-4216-9536-956AB42C0624} = {650C6F3D-33B5-4216-9536-956AB42C0624}
		{A625BE88-0000-0000-0000-000000000000} = {A625BE88-0000-0000-0000-000000000000}
		{75DC22B1-113F-4A66-96B9-2FF8208C10E8} = {75DC22B1-113F-4A66-96B9-2FF8208C10E8}
		{868E37B3-0000-0000-0000-000000000000} = {868E37B3-0000-0000-0000-000000000000}
	EndProjectSection
EndProject
Project("{FAE04EC0-301F-11D3-BF4B-00C04F79EFBC}") = "Build.Docs", "Documentation\Build.Docs.csproj", "{650C6F3D-33B5-4216-9536-956AB42C0624}"
EndProject
Project("{FAE04EC0-301F-11D3-BF4B-00C04F79EFBC}") = "Generator.Bind", "Source\Bind\Generator.Bind.csproj", "{31D19132-0000-0000-0000-000000000000}"
EndProject
Project("{FAE04EC0-301F-11D3-BF4B-00C04F79EFBC}") = "Generator.Convert", "Source\Converter\Generator.Convert.csproj", "{5FDFF4B6-0000-0000-0000-000000000000}"
EndProject
Project("{FAE04EC0-301F-11D3-BF4B-00C04F79EFBC}") = "Build.UpdateVersion", "Source\Build.UpdateVersion\Build.UpdateVersion.csproj", "{75DC22B1-113F-4A66-96B9-2FF8208C10E8}"
EndProject
Project("{FAE04EC0-301F-11D3-BF4B-00C04F79EFBC}") = "Build.Installer.Zip", "Installers\Zip\Build.Installer.Zip.csproj", "{ADC34399-7613-44D2-90B2-19250F06FE7B}"
	ProjectSection(ProjectDependencies) = postProject
		{A37A7E14-0000-0000-0000-000000000000} = {A37A7E14-0000-0000-0000-000000000000}
		{62C0DB35-0000-0000-0000-000000000000} = {62C0DB35-0000-0000-0000-000000000000}
		{650C6F3D-33B5-4216-9536-956AB42C0624} = {650C6F3D-33B5-4216-9536-956AB42C0624}
		{A625BE88-0000-0000-0000-000000000000} = {A625BE88-0000-0000-0000-000000000000}
		{75DC22B1-113F-4A66-96B9-2FF8208C10E8} = {75DC22B1-113F-4A66-96B9-2FF8208C10E8}
		{868E37B3-0000-0000-0000-000000000000} = {868E37B3-0000-0000-0000-000000000000}
	EndProjectSection
EndProject
Project("{FAE04EC0-301F-11D3-BF4B-00C04F79EFBC}") = "Build.Installer.Nuget", "Installers\Nuget\Build.Installer.Nuget.csproj", "{ADC34399-7613-44D2-90B2-19250F12FE7B}"
	ProjectSection(ProjectDependencies) = postProject
		{A37A7E14-0000-0000-0000-000000000000} = {A37A7E14-0000-0000-0000-000000000000}
		{62C0DB35-0000-0000-0000-000000000000} = {62C0DB35-0000-0000-0000-000000000000}
		{650C6F3D-33B5-4216-9536-956AB42C0624} = {650C6F3D-33B5-4216-9536-956AB42C0624}
		{A625BE88-0000-0000-0000-000000000000} = {A625BE88-0000-0000-0000-000000000000}
		{75DC22B1-113F-4A66-96B9-2FF8208C10E8} = {75DC22B1-113F-4A66-96B9-2FF8208C10E8}
	EndProjectSection
EndProject
Project("{FAE04EC0-301F-11D3-BF4B-00C04F79EFBC}") = "Generator.Rewrite", "Source\Generator.Rewrite\Generator.Rewrite.csproj", "{C426C9D1-8857-4E52-BAC7-4C05EE6070AB}"
EndProject
Project("{FAE04EC0-301F-11D3-BF4B-00C04F79EFBC}") = "OpenTK.Core", "Source\OpenTK.Core\OpenTK.Core.csproj", "{7F5F3BDB-0445-4A42-ADCB-4FC27208353D}"
EndProject
Project("{FAE04EC0-301F-11D3-BF4B-00C04F79EFBC}") = "OpenTK.Platform.Windows", "Source\OpenTK.Platform.Windows\OpenTK.Platform.Windows.csproj", "{9FCBA0CA-7823-40BA-9955-58B2C287AD4B}"
EndProject
Project("{FAE04EC0-301F-11D3-BF4B-00C04F79EFBC}") = "OpenTK.Platform.X11", "Source\OpenTK.Platform.X11\OpenTK.Platform.X11.csproj", "{CE2588DD-4C88-4AA0-812F-D6310F363B39}"
EndProject
Project("{FAE04EC0-301F-11D3-BF4B-00C04F79EFBC}") = "OpenTK.Platform.Mac", "Source\OpenTK.Platform.Mac\OpenTK.Platform.Mac.csproj", "{916B74BA-5EE8-4BC6-BF55-12482CE88269}"
EndProject
Project("{FAE04EC0-301F-11D3-BF4B-00C04F79EFBC}") = "OpenTK.Platform.SDL2", "Source\OpenTK.Platform.SDL2\OpenTK.Platform.SDL2.csproj", "{44D7882F-E0D4-4976-9ADB-6B5977E54439}"
EndProject
Project("{FAE04EC0-301F-11D3-BF4B-00C04F79EFBC}") = "OpenTK.Graphics.OpenGL", "Source\OpenTK.Graphics.OpenGL\OpenTK.Graphics.OpenGL.csproj", "{4186D2BD-1CDE-4277-9E75-4C4C92F9BBB5}"
EndProject
Project("{FAE04EC0-301F-11D3-BF4B-00C04F79EFBC}") = "OpenTK.Graphics.OpenGL4", "Source\OpenTK.Graphics.OpenGL4\OpenTK.Graphics.OpenGL4.csproj", "{68C164B1-16D0-4947-9057-912B88CA214A}"
EndProject
Project("{FAE04EC0-301F-11D3-BF4B-00C04F79EFBC}") = "OpenTK.Graphics.ES11", "Source\OpenTK.Graphics.ES11\OpenTK.Graphics.ES11.csproj", "{23BCA32B-7683-4FC3-9189-BF09D20515DE}"
EndProject
Project("{FAE04EC0-301F-11D3-BF4B-00C04F79EFBC}") = "OpenTK.Graphics.ES20", "Source\OpenTK.Graphics.ES20\OpenTK.Graphics.ES20.csproj", "{E030C2AB-12E5-46F8-A4F0-3B03B4C2C8BA}"
EndProject
Project("{FAE04EC0-301F-11D3-BF4B-00C04F79EFBC}") = "OpenTK.Graphics.ES30", "Source\OpenTK.Graphics.ES30\OpenTK.Graphics.ES30.csproj", "{875B4DE8-C7F5-4172-B9EB-6AE3EF1DC4B1}"
EndProject
Project("{FAE04EC0-301F-11D3-BF4B-00C04F79EFBC}") = "OpenTK.Audio.OpenAL", "Source\OpenTK.Audio.OpenAL\OpenTK.Audio.OpenAL.csproj", "{B8C4BFD3-EF95-468E-8FEC-BF479FD90DC8}"
EndProject
Global
	GlobalSection(SolutionConfigurationPlatforms) = preSolution
		Debug|Any CPU = Debug|Any CPU
		Documentation|Any CPU = Documentation|Any CPU
		Nsis|Any CPU = Nsis|Any CPU
		Release|Any CPU = Release|Any CPU
	EndGlobalSection
	GlobalSection(ProjectConfigurationPlatforms) = postSolution
		{A37A7E14-0000-0000-0000-000000000000}.Debug|Any CPU.ActiveCfg = Debug|Any CPU
		{A37A7E14-0000-0000-0000-000000000000}.Debug|Any CPU.Build.0 = Debug|Any CPU
		{A37A7E14-0000-0000-0000-000000000000}.Documentation|Any CPU.ActiveCfg = Documentation|Any CPU
		{A37A7E14-0000-0000-0000-000000000000}.Nsis|Any CPU.ActiveCfg = Nsis|Any CPU
		{A37A7E14-0000-0000-0000-000000000000}.Nsis|Any CPU.Build.0 = Nsis|Any CPU
		{A37A7E14-0000-0000-0000-000000000000}.Release|Any CPU.ActiveCfg = Release|Any CPU
		{A37A7E14-0000-0000-0000-000000000000}.Release|Any CPU.Build.0 = Release|Any CPU
		{62C0DB35-0000-0000-0000-000000000000}.Debug|Any CPU.ActiveCfg = Debug|Any CPU
		{62C0DB35-0000-0000-0000-000000000000}.Debug|Any CPU.Build.0 = Debug|Any CPU
		{62C0DB35-0000-0000-0000-000000000000}.Documentation|Any CPU.ActiveCfg = Documentation|Any CPU
		{62C0DB35-0000-0000-0000-000000000000}.Nsis|Any CPU.ActiveCfg = Nsis|Any CPU
		{62C0DB35-0000-0000-0000-000000000000}.Nsis|Any CPU.Build.0 = Nsis|Any CPU
		{62C0DB35-0000-0000-0000-000000000000}.Release|Any CPU.ActiveCfg = Release|Any CPU
		{62C0DB35-0000-0000-0000-000000000000}.Release|Any CPU.Build.0 = Release|Any CPU
		{868E37B3-0000-0000-0000-000000000000}.Debug|Any CPU.ActiveCfg = Debug|Any CPU
		{868E37B3-0000-0000-0000-000000000000}.Debug|Any CPU.Build.0 = Debug|Any CPU
		{868E37B3-0000-0000-0000-000000000000}.Documentation|Any CPU.ActiveCfg = Documentation|Any CPU
		{868E37B3-0000-0000-0000-000000000000}.Nsis|Any CPU.ActiveCfg = Nsis|Any CPU
		{868E37B3-0000-0000-0000-000000000000}.Nsis|Any CPU.Build.0 = Nsis|Any CPU
		{868E37B3-0000-0000-0000-000000000000}.Release|Any CPU.ActiveCfg = Release|Any CPU
		{868E37B3-0000-0000-0000-000000000000}.Release|Any CPU.Build.0 = Release|Any CPU
		{A625BE88-0000-0000-0000-000000000000}.Debug|Any CPU.ActiveCfg = Debug|Any CPU
		{A625BE88-0000-0000-0000-000000000000}.Debug|Any CPU.Build.0 = Debug|Any CPU
		{A625BE88-0000-0000-0000-000000000000}.Documentation|Any CPU.ActiveCfg = Documentation|Any CPU
		{A625BE88-0000-0000-0000-000000000000}.Nsis|Any CPU.ActiveCfg = Nsis|Any CPU
		{A625BE88-0000-0000-0000-000000000000}.Nsis|Any CPU.Build.0 = Nsis|Any CPU
		{A625BE88-0000-0000-0000-000000000000}.Release|Any CPU.ActiveCfg = Release|Any CPU
		{A625BE88-0000-0000-0000-000000000000}.Release|Any CPU.Build.0 = Release|Any CPU
		{ADC34399-7613-44D2-90B2-19250F06FE7A}.Debug|Any CPU.ActiveCfg = Debug|Any CPU
		{ADC34399-7613-44D2-90B2-19250F06FE7A}.Documentation|Any CPU.ActiveCfg = Documentation|Any CPU
		{ADC34399-7613-44D2-90B2-19250F06FE7A}.Nsis|Any CPU.ActiveCfg = Nsis|Any CPU
		{ADC34399-7613-44D2-90B2-19250F06FE7A}.Nsis|Any CPU.Build.0 = Nsis|Any CPU
		{ADC34399-7613-44D2-90B2-19250F06FE7A}.Release|Any CPU.ActiveCfg = Release|Any CPU
		{650C6F3D-33B5-4216-9536-956AB42C0624}.Debug|Any CPU.ActiveCfg = Debug|Any CPU
		{650C6F3D-33B5-4216-9536-956AB42C0624}.Documentation|Any CPU.ActiveCfg = Documentation|Any CPU
		{650C6F3D-33B5-4216-9536-956AB42C0624}.Documentation|Any CPU.Build.0 = Documentation|Any CPU
		{650C6F3D-33B5-4216-9536-956AB42C0624}.Nsis|Any CPU.ActiveCfg = Nsis|Any CPU
		{650C6F3D-33B5-4216-9536-956AB42C0624}.Release|Any CPU.ActiveCfg = Release|Any CPU
		{31D19132-0000-0000-0000-000000000000}.Debug|Any CPU.ActiveCfg = Debug|Any CPU
		{31D19132-0000-0000-0000-000000000000}.Debug|Any CPU.Build.0 = Debug|Any CPU
		{31D19132-0000-0000-0000-000000000000}.Documentation|Any CPU.ActiveCfg = Documentation|Any CPU
		{31D19132-0000-0000-0000-000000000000}.Nsis|Any CPU.ActiveCfg = Nsis|Any CPU
		{31D19132-0000-0000-0000-000000000000}.Nsis|Any CPU.Build.0 = Nsis|Any CPU
		{31D19132-0000-0000-0000-000000000000}.Release|Any CPU.ActiveCfg = Release|Any CPU
		{31D19132-0000-0000-0000-000000000000}.Release|Any CPU.Build.0 = Release|Any CPU
		{5FDFF4B6-0000-0000-0000-000000000000}.Debug|Any CPU.ActiveCfg = Debug|Any CPU
		{5FDFF4B6-0000-0000-0000-000000000000}.Debug|Any CPU.Build.0 = Debug|Any CPU
		{5FDFF4B6-0000-0000-0000-000000000000}.Documentation|Any CPU.ActiveCfg = Documentation|Any CPU
		{5FDFF4B6-0000-0000-0000-000000000000}.Nsis|Any CPU.ActiveCfg = Nsis|Any CPU
		{5FDFF4B6-0000-0000-0000-000000000000}.Nsis|Any CPU.Build.0 = Nsis|Any CPU
		{5FDFF4B6-0000-0000-0000-000000000000}.Release|Any CPU.ActiveCfg = Release|Any CPU
		{5FDFF4B6-0000-0000-0000-000000000000}.Release|Any CPU.Build.0 = Release|Any CPU
		{75DC22B1-113F-4A66-96B9-2FF8208C10E8}.Debug|Any CPU.ActiveCfg = Debug|Any CPU
		{75DC22B1-113F-4A66-96B9-2FF8208C10E8}.Debug|Any CPU.Build.0 = Debug|Any CPU
		{75DC22B1-113F-4A66-96B9-2FF8208C10E8}.Documentation|Any CPU.ActiveCfg = Documentation|Any CPU
		{75DC22B1-113F-4A66-96B9-2FF8208C10E8}.Nsis|Any CPU.ActiveCfg = Nsis|Any CPU
		{75DC22B1-113F-4A66-96B9-2FF8208C10E8}.Nsis|Any CPU.Build.0 = Nsis|Any CPU
		{75DC22B1-113F-4A66-96B9-2FF8208C10E8}.Release|Any CPU.ActiveCfg = Release|Any CPU
		{75DC22B1-113F-4A66-96B9-2FF8208C10E8}.Release|Any CPU.Build.0 = Release|Any CPU
		{ADC34399-7613-44D2-90B2-19250F06FE7B}.Debug|Any CPU.ActiveCfg = Debug|Any CPU
		{ADC34399-7613-44D2-90B2-19250F06FE7B}.Documentation|Any CPU.ActiveCfg = Documentation|Any CPU
		{ADC34399-7613-44D2-90B2-19250F06FE7B}.Nsis|Any CPU.ActiveCfg = Nsis|Any CPU
		{ADC34399-7613-44D2-90B2-19250F06FE7B}.Nsis|Any CPU.Build.0 = Nsis|Any CPU
		{ADC34399-7613-44D2-90B2-19250F06FE7B}.Release|Any CPU.ActiveCfg = Release|Any CPU
		{ADC34399-7613-44D2-90B2-19250F12FE7B}.Debug|Any CPU.ActiveCfg = Debug|Any CPU
		{ADC34399-7613-44D2-90B2-19250F12FE7B}.Documentation|Any CPU.ActiveCfg = Documentation|Any CPU
		{ADC34399-7613-44D2-90B2-19250F12FE7B}.Nsis|Any CPU.ActiveCfg = Nsis|Any CPU
		{ADC34399-7613-44D2-90B2-19250F12FE7B}.Nsis|Any CPU.Build.0 = Nsis|Any CPU
		{ADC34399-7613-44D2-90B2-19250F12FE7B}.Release|Any CPU.ActiveCfg = Release|Any CPU
		{C426C9D1-8857-4E52-BAC7-4C05EE6070AB}.Debug|Any CPU.ActiveCfg = Debug|Any CPU
		{C426C9D1-8857-4E52-BAC7-4C05EE6070AB}.Debug|Any CPU.Build.0 = Debug|Any CPU
		{C426C9D1-8857-4E52-BAC7-4C05EE6070AB}.Documentation|Any CPU.ActiveCfg = Debug|Any CPU
		{C426C9D1-8857-4E52-BAC7-4C05EE6070AB}.Nsis|Any CPU.ActiveCfg = Release|Any CPU
		{C426C9D1-8857-4E52-BAC7-4C05EE6070AB}.Nsis|Any CPU.Build.0 = Release|Any CPU
		{C426C9D1-8857-4E52-BAC7-4C05EE6070AB}.Release|Any CPU.ActiveCfg = Release|Any CPU
		{C426C9D1-8857-4E52-BAC7-4C05EE6070AB}.Release|Any CPU.Build.0 = Release|Any CPU
		{7F5F3BDB-0445-4A42-ADCB-4FC27208353D}.Debug|Any CPU.ActiveCfg = Debug|Any CPU
		{7F5F3BDB-0445-4A42-ADCB-4FC27208353D}.Debug|Any CPU.Build.0 = Debug|Any CPU
		{7F5F3BDB-0445-4A42-ADCB-4FC27208353D}.Documentation|Any CPU.ActiveCfg = Debug|Any CPU
		{7F5F3BDB-0445-4A42-ADCB-4FC27208353D}.Documentation|Any CPU.Build.0 = Debug|Any CPU
		{7F5F3BDB-0445-4A42-ADCB-4FC27208353D}.Nsis|Any CPU.ActiveCfg = Release|Any CPU
		{7F5F3BDB-0445-4A42-ADCB-4FC27208353D}.Nsis|Any CPU.Build.0 = Release|Any CPU
		{7F5F3BDB-0445-4A42-ADCB-4FC27208353D}.Release|Any CPU.ActiveCfg = Release|Any CPU
		{7F5F3BDB-0445-4A42-ADCB-4FC27208353D}.Release|Any CPU.Build.0 = Release|Any CPU
		{9FCBA0CA-7823-40BA-9955-58B2C287AD4B}.Debug|Any CPU.ActiveCfg = Debug|Any CPU
		{9FCBA0CA-7823-40BA-9955-58B2C287AD4B}.Debug|Any CPU.Build.0 = Debug|Any CPU
		{9FCBA0CA-7823-40BA-9955-58B2C287AD4B}.Documentation|Any CPU.ActiveCfg = Debug|Any CPU
		{9FCBA0CA-7823-40BA-9955-58B2C287AD4B}.Documentation|Any CPU.Build.0 = Debug|Any CPU
		{9FCBA0CA-7823-40BA-9955-58B2C287AD4B}.Nsis|Any CPU.ActiveCfg = Release|Any CPU
		{9FCBA0CA-7823-40BA-9955-58B2C287AD4B}.Nsis|Any CPU.Build.0 = Release|Any CPU
		{9FCBA0CA-7823-40BA-9955-58B2C287AD4B}.Release|Any CPU.ActiveCfg = Release|Any CPU
		{9FCBA0CA-7823-40BA-9955-58B2C287AD4B}.Release|Any CPU.Build.0 = Release|Any CPU
		{CE2588DD-4C88-4AA0-812F-D6310F363B39}.Debug|Any CPU.ActiveCfg = Debug|Any CPU
		{CE2588DD-4C88-4AA0-812F-D6310F363B39}.Debug|Any CPU.Build.0 = Debug|Any CPU
		{CE2588DD-4C88-4AA0-812F-D6310F363B39}.Documentation|Any CPU.ActiveCfg = Debug|Any CPU
		{CE2588DD-4C88-4AA0-812F-D6310F363B39}.Documentation|Any CPU.Build.0 = Debug|Any CPU
		{CE2588DD-4C88-4AA0-812F-D6310F363B39}.Nsis|Any CPU.ActiveCfg = Release|Any CPU
		{CE2588DD-4C88-4AA0-812F-D6310F363B39}.Nsis|Any CPU.Build.0 = Release|Any CPU
		{CE2588DD-4C88-4AA0-812F-D6310F363B39}.Release|Any CPU.ActiveCfg = Release|Any CPU
		{CE2588DD-4C88-4AA0-812F-D6310F363B39}.Release|Any CPU.Build.0 = Release|Any CPU
		{916B74BA-5EE8-4BC6-BF55-12482CE88269}.Debug|Any CPU.ActiveCfg = Debug|Any CPU
		{916B74BA-5EE8-4BC6-BF55-12482CE88269}.Debug|Any CPU.Build.0 = Debug|Any CPU
		{916B74BA-5EE8-4BC6-BF55-12482CE88269}.Documentation|Any CPU.ActiveCfg = Debug|Any CPU
		{916B74BA-5EE8-4BC6-BF55-12482CE88269}.Documentation|Any CPU.Build.0 = Debug|Any CPU
		{916B74BA-5EE8-4BC6-BF55-12482CE88269}.Nsis|Any CPU.ActiveCfg = Release|Any CPU
		{916B74BA-5EE8-4BC6-BF55-12482CE88269}.Nsis|Any CPU.Build.0 = Release|Any CPU
		{916B74BA-5EE8-4BC6-BF55-12482CE88269}.Release|Any CPU.ActiveCfg = Release|Any CPU
		{916B74BA-5EE8-4BC6-BF55-12482CE88269}.Release|Any CPU.Build.0 = Release|Any CPU
		{44D7882F-E0D4-4976-9ADB-6B5977E54439}.Debug|Any CPU.ActiveCfg = Debug|Any CPU
		{44D7882F-E0D4-4976-9ADB-6B5977E54439}.Debug|Any CPU.Build.0 = Debug|Any CPU
		{44D7882F-E0D4-4976-9ADB-6B5977E54439}.Documentation|Any CPU.ActiveCfg = Debug|Any CPU
		{44D7882F-E0D4-4976-9ADB-6B5977E54439}.Documentation|Any CPU.Build.0 = Debug|Any CPU
		{44D7882F-E0D4-4976-9ADB-6B5977E54439}.Nsis|Any CPU.ActiveCfg = Release|Any CPU
		{44D7882F-E0D4-4976-9ADB-6B5977E54439}.Nsis|Any CPU.Build.0 = Release|Any CPU
		{44D7882F-E0D4-4976-9ADB-6B5977E54439}.Release|Any CPU.ActiveCfg = Release|Any CPU
		{44D7882F-E0D4-4976-9ADB-6B5977E54439}.Release|Any CPU.Build.0 = Release|Any CPU
		{4186D2BD-1CDE-4277-9E75-4C4C92F9BBB5}.Debug|Any CPU.ActiveCfg = Debug|Any CPU
		{4186D2BD-1CDE-4277-9E75-4C4C92F9BBB5}.Debug|Any CPU.Build.0 = Debug|Any CPU
		{4186D2BD-1CDE-4277-9E75-4C4C92F9BBB5}.Documentation|Any CPU.ActiveCfg = Debug|Any CPU
		{4186D2BD-1CDE-4277-9E75-4C4C92F9BBB5}.Documentation|Any CPU.Build.0 = Debug|Any CPU
		{4186D2BD-1CDE-4277-9E75-4C4C92F9BBB5}.Nsis|Any CPU.ActiveCfg = Release|Any CPU
		{4186D2BD-1CDE-4277-9E75-4C4C92F9BBB5}.Nsis|Any CPU.Build.0 = Release|Any CPU
		{4186D2BD-1CDE-4277-9E75-4C4C92F9BBB5}.Release|Any CPU.ActiveCfg = Release|Any CPU
		{4186D2BD-1CDE-4277-9E75-4C4C92F9BBB5}.Release|Any CPU.Build.0 = Release|Any CPU
		{68C164B1-16D0-4947-9057-912B88CA214A}.Debug|Any CPU.ActiveCfg = Debug|Any CPU
		{68C164B1-16D0-4947-9057-912B88CA214A}.Debug|Any CPU.Build.0 = Debug|Any CPU
		{68C164B1-16D0-4947-9057-912B88CA214A}.Documentation|Any CPU.ActiveCfg = Debug|Any CPU
		{68C164B1-16D0-4947-9057-912B88CA214A}.Documentation|Any CPU.Build.0 = Debug|Any CPU
		{68C164B1-16D0-4947-9057-912B88CA214A}.Nsis|Any CPU.ActiveCfg = Release|Any CPU
		{68C164B1-16D0-4947-9057-912B88CA214A}.Nsis|Any CPU.Build.0 = Release|Any CPU
		{68C164B1-16D0-4947-9057-912B88CA214A}.Release|Any CPU.ActiveCfg = Release|Any CPU
		{68C164B1-16D0-4947-9057-912B88CA214A}.Release|Any CPU.Build.0 = Release|Any CPU
		{23BCA32B-7683-4FC3-9189-BF09D20515DE}.Debug|Any CPU.ActiveCfg = Debug|Any CPU
		{23BCA32B-7683-4FC3-9189-BF09D20515DE}.Debug|Any CPU.Build.0 = Debug|Any CPU
		{23BCA32B-7683-4FC3-9189-BF09D20515DE}.Documentation|Any CPU.ActiveCfg = Debug|Any CPU
		{23BCA32B-7683-4FC3-9189-BF09D20515DE}.Documentation|Any CPU.Build.0 = Debug|Any CPU
		{23BCA32B-7683-4FC3-9189-BF09D20515DE}.Nsis|Any CPU.ActiveCfg = Release|Any CPU
		{23BCA32B-7683-4FC3-9189-BF09D20515DE}.Nsis|Any CPU.Build.0 = Release|Any CPU
		{23BCA32B-7683-4FC3-9189-BF09D20515DE}.Release|Any CPU.ActiveCfg = Release|Any CPU
		{23BCA32B-7683-4FC3-9189-BF09D20515DE}.Release|Any CPU.Build.0 = Release|Any CPU
		{E030C2AB-12E5-46F8-A4F0-3B03B4C2C8BA}.Debug|Any CPU.ActiveCfg = Debug|Any CPU
		{E030C2AB-12E5-46F8-A4F0-3B03B4C2C8BA}.Debug|Any CPU.Build.0 = Debug|Any CPU
		{E030C2AB-12E5-46F8-A4F0-3B03B4C2C8BA}.Documentation|Any CPU.ActiveCfg = Debug|Any CPU
		{E030C2AB-12E5-46F8-A4F0-3B03B4C2C8BA}.Documentation|Any CPU.Build.0 = Debug|Any CPU
		{E030C2AB-12E5-46F8-A4F0-3B03B4C2C8BA}.Nsis|Any CPU.ActiveCfg = Release|Any CPU
		{E030C2AB-12E5-46F8-A4F0-3B03B4C2C8BA}.Nsis|Any CPU.Build.0 = Release|Any CPU
		{E030C2AB-12E5-46F8-A4F0-3B03B4C2C8BA}.Release|Any CPU.ActiveCfg = Release|Any CPU
		{E030C2AB-12E5-46F8-A4F0-3B03B4C2C8BA}.Release|Any CPU.Build.0 = Release|Any CPU
		{875B4DE8-C7F5-4172-B9EB-6AE3EF1DC4B1}.Debug|Any CPU.ActiveCfg = Debug|Any CPU
		{875B4DE8-C7F5-4172-B9EB-6AE3EF1DC4B1}.Debug|Any CPU.Build.0 = Debug|Any CPU
		{875B4DE8-C7F5-4172-B9EB-6AE3EF1DC4B1}.Documentation|Any CPU.ActiveCfg = Debug|Any CPU
		{875B4DE8-C7F5-4172-B9EB-6AE3EF1DC4B1}.Documentation|Any CPU.Build.0 = Debug|Any CPU
		{875B4DE8-C7F5-4172-B9EB-6AE3EF1DC4B1}.Nsis|Any CPU.ActiveCfg = Release|Any CPU
		{875B4DE8-C7F5-4172-B9EB-6AE3EF1DC4B1}.Nsis|Any CPU.Build.0 = Release|Any CPU
		{875B4DE8-C7F5-4172-B9EB-6AE3EF1DC4B1}.Release|Any CPU.ActiveCfg = Release|Any CPU
		{875B4DE8-C7F5-4172-B9EB-6AE3EF1DC4B1}.Release|Any CPU.Build.0 = Release|Any CPU
		{B8C4BFD3-EF95-468E-8FEC-BF479FD90DC8}.Debug|Any CPU.ActiveCfg = Debug|Any CPU
		{B8C4BFD3-EF95-468E-8FEC-BF479FD90DC8}.Debug|Any CPU.Build.0 = Debug|Any CPU
		{B8C4BFD3-EF95-468E-8FEC-BF479FD90DC8}.Documentation|Any CPU.ActiveCfg = Debug|Any CPU
		{B8C4BFD3-EF95-468E-8FEC-BF479FD90DC8}.Documentation|Any CPU.Build.0 = Debug|Any CPU
		{B8C4BFD3-EF95-468E-8FEC-BF479FD90DC8}.Nsis|Any CPU.ActiveCfg = Release|Any CPU
		{B8C4BFD3-EF95-468E-8FEC-BF479FD90DC8}.Nsis|Any CPU.Build.0 = Release|Any CPU
		{B8C4BFD3-EF95-468E-8FEC-BF479FD90DC8}.Release|Any CPU.ActiveCfg = Release|Any CPU
		{B8C4BFD3-EF95-468E-8FEC-BF479FD90DC8}.Release|Any CPU.Build.0 = Release|Any CPU
	EndGlobalSection
	GlobalSection(SolutionProperties) = preSolution
		HideSolutionNode = FALSE
	EndGlobalSection
	GlobalSection(MonoDevelopProperties) = preSolution
		StartupItem = Source\Examples\OpenTK.Examples.csproj
	EndGlobalSection
EndGlobal
